{
  "name": "JiliTODO",
  "lockfileVersion": 3,
  "requires": true,
  "packages": {
    "": {
      "dependencies": {
        "express-oauth2-jwt-bearer": "^1.5.0"
      }
    },
    "node_modules/express-oauth2-jwt-bearer": {
      "version": "1.5.0",
      "resolved": "https://registry.npmjs.org/express-oauth2-jwt-bearer/-/express-oauth2-jwt-bearer-1.5.0.tgz",
      "integrity": "sha512-C8avk1VfopX3zjqfTLg9EuYFjNRdmXdYncBoZGmjxQzGx7cQRiupeWV5r3G2SYGzx0gDw1uyu1cdJrmILOvd3g==",
      "dependencies": {
        "jose": "^4.13.1"
      },
      "engines": {
        "node": "^12.19.0 || ^14.15.0 || ^16.13.0 || ^18.12.0 || ^20.2.0"
      }
    },
    "node_modules/jose": {
      "version": "4.14.4",
      "resolved": "https://registry.npmjs.org/jose/-/jose-4.14.4.tgz",
      "integrity": "sha512-j8GhLiKmUAh+dsFXlX1aJCbt5KMibuKb+d7j1JaOJG6s2UjX1PQlW+OKB/sD4a/5ZYF4RcmYmLSndOoU3Lt/3g==",
      "funding": {
        "url": "https://github.com/sponsors/panva"
      }
    }
  }
}
